// !$*UTF8*$!
{
	archiveVersion = 1;
	classes = {
	};
	objectVersion = 46;
	objects = {

/* Begin PBXBuildFile section */
		437A517718C2B9700019AE1E /* Foundation.framework in Frameworks */ = {isa = PBXBuildFile; fileRef = 437A517618C2B9700019AE1E /* Foundation.framework */; };
		437A517918C2B9700019AE1E /* CoreGraphics.framework in Frameworks */ = {isa = PBXBuildFile; fileRef = 437A517818C2B9700019AE1E /* CoreGraphics.framework */; };
		437A517B18C2B9700019AE1E /* UIKit.framework in Frameworks */ = {isa = PBXBuildFile; fileRef = 437A517A18C2B9700019AE1E /* UIKit.framework */; };
		437A518118C2B9710019AE1E /* InfoPlist.strings in Resources */ = {isa = PBXBuildFile; fileRef = 437A517F18C2B9710019AE1E /* InfoPlist.strings */; };
		437A518318C2B9710019AE1E /* main.m in Sources */ = {isa = PBXBuildFile; fileRef = 437A518218C2B9710019AE1E /* main.m */; };
		437A518718C2B9710019AE1E /* MBAppDelegate.m in Sources */ = {isa = PBXBuildFile; fileRef = 437A518618C2B9710019AE1E /* MBAppDelegate.m */; };
		437A518A18C2B9710019AE1E /* Main.storyboard in Resources */ = {isa = PBXBuildFile; fileRef = 437A518818C2B9710019AE1E /* Main.storyboard */; };
		437A518F18C2B9710019AE1E /* Images.xcassets in Resources */ = {isa = PBXBuildFile; fileRef = 437A518E18C2B9710019AE1E /* Images.xcassets */; };
		437A519618C2B9710019AE1E /* XCTest.framework in Frameworks */ = {isa = PBXBuildFile; fileRef = 437A519518C2B9710019AE1E /* XCTest.framework */; };
		437A519718C2B9710019AE1E /* Foundation.framework in Frameworks */ = {isa = PBXBuildFile; fileRef = 437A517618C2B9700019AE1E /* Foundation.framework */; };
		437A519818C2B9710019AE1E /* UIKit.framework in Frameworks */ = {isa = PBXBuildFile; fileRef = 437A517A18C2B9700019AE1E /* UIKit.framework */; };
		437A51A018C2B9710019AE1E /* InfoPlist.strings in Resources */ = {isa = PBXBuildFile; fileRef = 437A519E18C2B9710019AE1E /* InfoPlist.strings */; };
		437A51A218C2B9710019AE1E /* CrystalBall2Tests.m in Sources */ = {isa = PBXBuildFile; fileRef = 437A51A118C2B9710019AE1E /* CrystalBall2Tests.m */; };
		43DA1C3A18C50B54005E419F /* MBCrystalBall2.m in Sources */ = {isa = PBXBuildFile; fileRef = 43DA1C3918C50B54005E419F /* MBCrystalBall2.m */; };
		43DA1C4218CBCEBC005E419F /* MBViewController.m in Sources */ = {isa = PBXBuildFile; fileRef = 437A518C18C2B9710019AE1E /* MBViewController.m */; };
		43DA1C4418CBE04B005E419F /* crystal_ball 2.mp3 in Resources */ = {isa = PBXBuildFile; fileRef = 43DA1C4318CBE04B005E419F /* crystal_ball 2.mp3 */; };
		43DA1C4618CBE0B4005E419F /* AudioToolbox.framework in Frameworks */ = {isa = PBXBuildFile; fileRef = 43DA1C4518CBE0B4005E419F /* AudioToolbox.framework */; };
/* End PBXBuildFile section */

/* Begin PBXContainerItemProxy section */
		437A519918C2B9710019AE1E /* PBXContainerItemProxy */ = {
			isa = PBXContainerItemProxy;
			containerPortal = 437A516B18C2B9700019AE1E /* Project object */;
			proxyType = 1;
			remoteGlobalIDString = 437A517218C2B9700019AE1E;
			remoteInfo = CrystalBall2;
		};
/* End PBXContainerItemProxy section */

/* Begin PBXFileReference section */
		437A517318C2B9700019AE1E /* CrystalBall2.app */ = {isa = PBXFileReference; explicitFileType = wrapper.application; includeInIndex = 0; path = CrystalBall2.app; sourceTree = BUILT_PRODUCTS_DIR; };
		437A517618C2B9700019AE1E /* Foundation.framework */ = {isa = PBXFileReference; lastKnownFileType = wrapper.framework; name = Foundation.framework; path = System/Library/Frameworks/Foundation.framework; sourceTree = SDKROOT; };
		437A517818C2B9700019AE1E /* CoreGraphics.framework */ = {isa = PBXFileReference; lastKnownFileType = wrapper.framework; name = CoreGraphics.framework; path = System/Library/Frameworks/CoreGraphics.framework; sourceTree = SDKROOT; };
		437A517A18C2B9700019AE1E /* UIKit.framework */ = {isa = PBXFileReference; lastKnownFileType = wrapper.framework; name = UIKit.framework; path = System/Library/Frameworks/UIKit.framework; sourceTree = SDKROOT; };
		437A517E18C2B9710019AE1E /* CrystalBall2-Info.plist */ = {isa = PBXFileReference; lastKnownFileType = text.plist.xml; path = "CrystalBall2-Info.plist"; sourceTree = "<group>"; };
		437A518018C2B9710019AE1E /* en */ = {isa = PBXFileReference; lastKnownFileType = text.plist.strings; name = en; path = en.lproj/InfoPlist.strings; sourceTree = "<group>"; };
		437A518218C2B9710019AE1E /* main.m */ = {isa = PBXFileReference; lastKnownFileType = sourcecode.c.objc; path = main.m; sourceTree = "<group>"; };
		437A518418C2B9710019AE1E /* CrystalBall2-Prefix.pch */ = {isa = PBXFileReference; lastKnownFileType = sourcecode.c.h; path = "CrystalBall2-Prefix.pch"; sourceTree = "<group>"; };
		437A518518C2B9710019AE1E /* MBAppDelegate.h */ = {isa = PBXFileReference; lastKnownFileType = sourcecode.c.h; path = MBAppDelegate.h; sourceTree = "<group>"; };
		437A518618C2B9710019AE1E /* MBAppDelegate.m */ = {isa = PBXFileReference; lastKnownFileType = sourcecode.c.objc; path = MBAppDelegate.m; sourceTree = "<group>"; };
		437A518918C2B9710019AE1E /* Base */ = {isa = PBXFileReference; lastKnownFileType = file.storyboard; name = Base; path = Base.lproj/Main.storyboard; sourceTree = "<group>"; };
		437A518B18C2B9710019AE1E /* MBViewController.h */ = {isa = PBXFileReference; lastKnownFileType = sourcecode.c.h; path = MBViewController.h; sourceTree = "<group>"; };
		437A518C18C2B9710019AE1E /* MBViewController.m */ = {isa = PBXFileReference; lastKnownFileType = sourcecode.c.objc; path = MBViewController.m; sourceTree = "<group>"; };
		437A518E18C2B9710019AE1E /* Images.xcassets */ = {isa = PBXFileReference; lastKnownFileType = folder.assetcatalog; path = Images.xcassets; sourceTree = "<group>"; };
		437A519418C2B9710019AE1E /* CrystalBall2Tests.xctest */ = {isa = PBXFileReference; explicitFileType = wrapper.cfbundle; includeInIndex = 0; path = CrystalBall2Tests.xctest; sourceTree = BUILT_PRODUCTS_DIR; };
		437A519518C2B9710019AE1E /* XCTest.framework */ = {isa = PBXFileReference; lastKnownFileType = wrapper.framework; name = XCTest.framework; path = Library/Frameworks/XCTest.framework; sourceTree = DEVELOPER_DIR; };
		437A519D18C2B9710019AE1E /* CrystalBall2Tests-Info.plist */ = {isa = PBXFileReference; lastKnownFileType = text.plist.xml; path = "CrystalBall2Tests-Info.plist"; sourceTree = "<group>"; };
		437A519F18C2B9710019AE1E /* en */ = {isa = PBXFileReference; lastKnownFileType = text.plist.strings; name = en; path = en.lproj/InfoPlist.strings; sourceTree = "<group>"; };
		437A51A118C2B9710019AE1E /* CrystalBall2Tests.m */ = {isa = PBXFileReference; lastKnownFileType = sourcecode.c.objc; path = CrystalBall2Tests.m; sourceTree = "<group>"; };
		43DA1C3818C50B53005E419F /* MBCrystalBall2.h */ = {isa = PBXFileReference; fileEncoding = 4; lastKnownFileType = sourcecode.c.h; path = MBCrystalBall2.h; sourceTree = "<group>"; };
		43DA1C3918C50B54005E419F /* MBCrystalBall2.m */ = {isa = PBXFileReference; fileEncoding = 4; lastKnownFileType = sourcecode.c.objc; path = MBCrystalBall2.m; sourceTree = "<group>"; };
		43DA1C4318CBE04B005E419F /* crystal_ball 2.mp3 */ = {isa = PBXFileReference; lastKnownFileType = audio.mp3; path = "crystal_ball 2.mp3"; sourceTree = "<group>"; };
		43DA1C4518CBE0B4005E419F /* AudioToolbox.framework */ = {isa = PBXFileReference; lastKnownFileType = wrapper.framework; name = AudioToolbox.framework; path = System/Library/Frameworks/AudioToolbox.framework; sourceTree = SDKROOT; };
/* End PBXFileReference section */

/* Begin PBXFrameworksBuildPhase section */
		437A517018C2B9700019AE1E /* Frameworks */ = {
			isa = PBXFrameworksBuildPhase;
			buildActionMask = 2147483647;
			files = (
				43DA1C4618CBE0B4005E419F /* AudioToolbox.framework in Frameworks */,
				437A517918C2B9700019AE1E /* CoreGraphics.framework in Frameworks */,
				437A517B18C2B9700019AE1E /* UIKit.framework in Frameworks */,
				437A517718C2B9700019AE1E /* Foundation.framework in Frameworks */,
			);
			runOnlyForDeploymentPostprocessing = 0;
		};
		437A519118C2B9710019AE1E /* Frameworks */ = {
			isa = PBXFrameworksBuildPhase;
			buildActionMask = 2147483647;
			files = (
				437A519618C2B9710019AE1E /* XCTest.framework in Frameworks */,
				437A519818C2B9710019AE1E /* UIKit.framework in Frameworks */,
				437A519718C2B9710019AE1E /* Foundation.framework in Frameworks */,
			);
			runOnlyForDeploymentPostprocessing = 0;
		};
/* End PBXFrameworksBuildPhase section */

/* Begin PBXGroup section */
		437A516A18C2B9700019AE1E = {
			isa = PBXGroup;
			children = (
				437A517C18C2B9710019AE1E /* CrystalBall2 */,
				437A519B18C2B9710019AE1E /* CrystalBall2Tests */,
				437A517518C2B9700019AE1E /* Frameworks */,
				437A517418C2B9700019AE1E /* Products */,
			);
			sourceTree = "<group>";
		};
		437A517418C2B9700019AE1E /* Products */ = {
			isa = PBXGroup;
			children = (
				437A517318C2B9700019AE1E /* CrystalBall2.app */,
				437A519418C2B9710019AE1E /* CrystalBall2Tests.xctest */,
			);
			name = Products;
			sourceTree = "<group>";
		};
		437A517518C2B9700019AE1E /* Frameworks */ = {
			isa = PBXGroup;
			children = (
				43DA1C4518CBE0B4005E419F /* AudioToolbox.framework */,
				437A517618C2B9700019AE1E /* Foundation.framework */,
				437A517818C2B9700019AE1E /* CoreGraphics.framework */,
				437A517A18C2B9700019AE1E /* UIKit.framework */,
				437A519518C2B9710019AE1E /* XCTest.framework */,
			);
			name = Frameworks;
			sourceTree = "<group>";
		};
		437A517C18C2B9710019AE1E /* CrystalBall2 */ = {
			isa = PBXGroup;
			children = (
				437A518818C2B9710019AE1E /* Main.storyboard */,
				437A518B18C2B9710019AE1E /* MBViewController.h */,
				437A518C18C2B9710019AE1E /* MBViewController.m */,
				437A518E18C2B9710019AE1E /* Images.xcassets */,
				43DA1C4318CBE04B005E419F /* crystal_ball 2.mp3 */,
				437A517D18C2B9710019AE1E /* Supporting Files */,
				43DA1C3818C50B53005E419F /* MBCrystalBall2.h */,
				43DA1C3918C50B54005E419F /* MBCrystalBall2.m */,
			);
			path = CrystalBall2;
			sourceTree = "<group>";
		};
		437A517D18C2B9710019AE1E /* Supporting Files */ = {
			isa = PBXGroup;
			children = (
				437A518518C2B9710019AE1E /* MBAppDelegate.h */,
				437A518618C2B9710019AE1E /* MBAppDelegate.m */,
				437A517E18C2B9710019AE1E /* CrystalBall2-Info.plist */,
				437A517F18C2B9710019AE1E /* InfoPlist.strings */,
				437A518218C2B9710019AE1E /* main.m */,
				437A518418C2B9710019AE1E /* CrystalBall2-Prefix.pch */,
			);
			name = "Supporting Files";
			sourceTree = "<group>";
		};
		437A519B18C2B9710019AE1E /* CrystalBall2Tests */ = {
			isa = PBXGroup;
			children = (
				437A51A118C2B9710019AE1E /* CrystalBall2Tests.m */,
				437A519C18C2B9710019AE1E /* Supporting Files */,
			);
			path = CrystalBall2Tests;
			sourceTree = "<group>";
		};
		437A519C18C2B9710019AE1E /* Supporting Files */ = {
			isa = PBXGroup;
			children = (
				437A519D18C2B9710019AE1E /* CrystalBall2Tests-Info.plist */,
				437A519E18C2B9710019AE1E /* InfoPlist.strings */,
			);
			name = "Supporting Files";
			sourceTree = "<group>";
		};
/* End PBXGroup section */

/* Begin PBXNativeTarget section */
		437A517218C2B9700019AE1E /* CrystalBall2 */ = {
			isa = PBXNativeTarget;
			buildConfigurationList = 437A51A518C2B9710019AE1E /* Build configuration list for PBXNativeTarget "CrystalBall2" */;
			buildPhases = (
				437A516F18C2B9700019AE1E /* Sources */,
				437A517018C2B9700019AE1E /* Frameworks */,
				437A517118C2B9700019AE1E /* Resources */,
			);
			buildRules = (
			);
			dependencies = (
			);
			name = CrystalBall2;
			productName = CrystalBall2;
			productReference = 437A517318C2B9700019AE1E /* CrystalBall2.app */;
			productType = "com.apple.product-type.application";
		};
		437A519318C2B9710019AE1E /* CrystalBall2Tests */ = {
			isa = PBXNativeTarget;
			buildConfigurationList = 437A51A818C2B9710019AE1E /* Build configuration list for PBXNativeTarget "CrystalBall2Tests" */;
			buildPhases = (
				437A519018C2B9710019AE1E /* Sources */,
				437A519118C2B9710019AE1E /* Frameworks */,
				437A519218C2B9710019AE1E /* Resources */,
			);
			buildRules = (
			);
			dependencies = (
				437A519A18C2B9710019AE1E /* PBXTargetDependency */,
			);
			name = CrystalBall2Tests;
			productName = CrystalBall2Tests;
			productReference = 437A519418C2B9710019AE1E /* CrystalBall2Tests.xctest */;
			productType = "com.apple.product-type.bundle.unit-test";
		};
/* End PBXNativeTarget section */

/* Begin PBXProject section */
		437A516B18C2B9700019AE1E /* Project object */ = {
			isa = PBXProject;
			attributes = {
				CLASSPREFIX = MB;
				LastUpgradeCheck = 0500;
				ORGANIZATIONNAME = MattBrax;
				TargetAttributes = {
					437A519318C2B9710019AE1E = {
						TestTargetID = 437A517218C2B9700019AE1E;
					};
				};
			};
			buildConfigurationList = 437A516E18C2B9700019AE1E /* Build configuration list for PBXProject "CrystalBall2" */;
			compatibilityVersion = "Xcode 3.2";
			developmentRegion = English;
			hasScannedForEncodings = 0;
			knownRegions = (
				en,
				Base,
			);
			mainGroup = 437A516A18C2B9700019AE1E;
			productRefGroup = 437A517418C2B9700019AE1E /* Products */;
			projectDirPath = "";
			projectRoot = "";
			targets = (
				437A517218C2B9700019AE1E /* CrystalBall2 */,
				437A519318C2B9710019AE1E /* CrystalBall2Tests */,
			);
		};
/* End PBXProject section */

/* Begin PBXResourcesBuildPhase section */
		437A517118C2B9700019AE1E /* Resources */ = {
			isa = PBXResourcesBuildPhase;
			buildActionMask = 2147483647;
			files = (
				437A518F18C2B9710019AE1E /* Images.xcassets in Resources */,
				437A518118C2B9710019AE1E /* InfoPlist.strings in Resources */,
				43DA1C4418CBE04B005E419F /* crystal_ball 2.mp3 in Resources */,
				437A518A18C2B9710019AE1E /* Main.storyboard in Resources */,
			);
			runOnlyForDeploymentPostprocessing = 0;
		};
		437A519218C2B9710019AE1E /* Resources */ = {
			isa = PBXResourcesBuildPhase;
			buildActionMask = 2147483647;
			files = (
				437A51A018C2B9710019AE1E /* InfoPlist.strings in Resources */,
			);
			runOnlyForDeploymentPostprocessing = 0;
		};
/* End PBXResourcesBuildPhase section */

/* Begin PBXSourcesBuildPhase section */
		437A516F18C2B9700019AE1E /* Sources */ = {
			isa = PBXSourcesBuildPhase;
			buildActionMask = 2147483647;
			files = (
				437A518318C2B9710019AE1E /* main.m in Sources */,
				43DA1C3A18C50B54005E419F /* MBCrystalBall2.m in Sources */,
				437A518718C2B9710019AE1E /* MBAppDelegate.m in Sources */,
				43DA1C4218CBCEBC005E419F /* MBViewController.m in Sources */,
			);
			runOnlyForDeploymentPostprocessing = 0;
		};
		437A519018C2B9710019AE1E /* Sources */ = {
			isa = PBXSourcesBuildPhase;
			buildActionMask = 2147483647;
			files = (
				437A51A218C2B9710019AE1E /* CrystalBall2Tests.m in Sources */,
			);
			runOnlyForDeploymentPostprocessing = 0;
		};
/* End PBXSourcesBuildPhase section */

/* Begin PBXTargetDependency section */
		437A519A18C2B9710019AE1E /* PBXTargetDependency */ = {
			isa = PBXTargetDependency;
			target = 437A517218C2B9700019AE1E /* CrystalBall2 */;
			targetProxy = 437A519918C2B9710019AE1E /* PBXContainerItemProxy */;
		};
/* End PBXTargetDependency section */

/* Begin PBXVariantGroup section */
		437A517F18C2B9710019AE1E /* InfoPlist.strings */ = {
			isa = PBXVariantGroup;
			children = (
				437A518018C2B9710019AE1E /* en */,
			);
			name = InfoPlist.strings;
			sourceTree = "<group>";
		};
		437A518818C2B9710019AE1E /* Main.storyboard */ = {
			isa = PBXVariantGroup;
			children = (
				437A518918C2B9710019AE1E /* Base */,
			);
			name = Main.storyboard;
			sourceTree = "<group>";
		};
		437A519E18C2B9710019AE1E /* InfoPlist.strings */ = {
			isa = PBXVariantGroup;
			children = (
				437A519F18C2B9710019AE1E /* en */,
			);
			name = InfoPlist.strings;
			sourceTree = "<group>";
		};
/* End PBXVariantGroup section */

/* Begin XCBuildConfiguration section */
		437A51A318C2B9710019AE1E /* Debug */ = {
			isa = XCBuildConfiguration;
			buildSettings = {
				ALWAYS_SEARCH_USER_PATHS = NO;
				ARCHS = "$(ARCHS_STANDARD_INCLUDING_64_BIT)";
				CLANG_CXX_LANGUAGE_STANDARD = "gnu++0x";
				CLANG_CXX_LIBRARY = "libc++";
				CLANG_ENABLE_MODULES = YES;
				CLANG_ENABLE_OBJC_ARC = YES;
				CLANG_WARN_BOOL_CONVERSION = YES;
				CLANG_WARN_CONSTANT_CONVERSION = YES;
				CLANG_WARN_DIRECT_OBJC_ISA_USAGE = YES_ERROR;
				CLANG_WARN_EMPTY_BODY = YES;
				CLANG_WARN_ENUM_CONVERSION = YES;
				CLANG_WARN_INT_CONVERSION = YES;
				CLANG_WARN_OBJC_ROOT_CLASS = YES_ERROR;
				CLANG_WARN__DUPLICATE_METHOD_MATCH = YES;
				"CODE_SIGN_IDENTITY[sdk=iphoneos*]" = "iPhone Developer";
				COPY_PHASE_STRIP = NO;
				GCC_C_LANGUAGE_STANDARD = gnu99;
				GCC_DYNAMIC_NO_PIC = NO;
				GCC_OPTIMIZATION_LEVEL = 0;
				GCC_PREPROCESSOR_DEFINITIONS = (
					"DEBUG=1",
					"$(inherited)",
				);
				GCC_SYMBOLS_PRIVATE_EXTERN = NO;
				GCC_WARN_64_TO_32_BIT_CONVERSION = YES;
				GCC_WARN_ABOUT_RETURN_TYPE = YES_ERROR;
				GCC_WARN_UNDECLARED_SELECTOR = YES;
				GCC_WARN_UNINITIALIZED_AUTOS = YES;
				GCC_WARN_UNUSED_FUNCTION = YES;
				GCC_WARN_UNUSED_VARIABLE = YES;
				IPHONEOS_DEPLOYMENT_TARGET = 7.0;
				ONLY_ACTIVE_ARCH = YES;
				SDKROOT = iphoneos;
			};
			name = Debug;
		};
		437A51A418C2B9710019AE1E /* Release */ = {
			isa = XCBuildConfiguration;
			buildSettings = {
				ALWAYS_SEARCH_USER_PATHS = NO;
				ARCHS = "$(ARCHS_STANDARD_INCLUDING_64_BIT)";
				CLANG_CXX_LANGUAGE_STANDARD = "gnu++0x";
				CLANG_CXX_LIBRARY = "libc++";
				CLANG_ENABLE_MODULES = YES;
				CLANG_ENABLE_OBJC_ARC = YES;
				CLANG_WARN_BOOL_CONVERSION = YES;
				CLANG_WARN_CONSTANT_CONVERSION = YES;
				CLANG_WARN_DIRECT_OBJC_ISA_USAGE = YES_ERROR;
				CLANG_WARN_EMPTY_BODY = YES;
				CLANG_WARN_ENUM_CONVERSION = YES;
				CLANG_WARN_INT_CONVERSION = YES;
				CLANG_WARN_OBJC_ROOT_CLASS = YES_ERROR;
				CLANG_WARN__DUPLICATE_METHOD_MATCH = YES;
				"CODE_SIGN_IDENTITY[sdk=iphoneos*]" = "iPhone Developer";
				COPY_PHASE_STRIP = YES;
				ENABLE_NS_ASSERTIONS = NO;
				GCC_C_LANGUAGE_STANDARD = gnu99;
				GCC_WARN_64_TO_32_BIT_CONVERSION = YES;
				GCC_WARN_ABOUT_RETURN_TYPE = YES_ERROR;
				GCC_WARN_UNDECLARED_SELECTOR = YES;
				GCC_WARN_UNINITIALIZED_AUTOS = YES;
				GCC_WARN_UNUSED_FUNCTION = YES;
				GCC_WARN_UNUSED_VARIABLE = YES;
				IPHONEOS_DEPLOYMENT_TARGET = 7.0;
				SDKROOT = iphoneos;
				VALIDATE_PRODUCT = YES;
			};
			name = Release;
		};
		437A51A618C2B9710019AE1E /* Debug */ = {
			isa = XCBuildConfiguration;
			buildSettings = {
				ASSETCATALOG_COMPILER_APPICON_NAME = AppIcon;
				ASSETCATALOG_COMPILER_LAUNCHIMAGE_NAME = LaunchImage;
				GCC_PRECOMPILE_PREFIX_HEADER = YES;
				GCC_PREFIX_HEADER = "CrystalBall2/CrystalBall2-Prefix.pch";
				INFOPLIST_FILE = "CrystalBall2/CrystalBall2-Info.plist";
				PRODUCT_NAME = "$(TARGET_NAME)";
				WRAPPER_EXTENSION = app;
			};
			name = Debug;
		};
		437A51A718C2B9710019AE1E /* Release */ = {
			isa = XCBuildConfiguration;
			buildSettings = {
				ASSETCATALOG_COMPILER_APPICON_NAME = AppIcon;
				ASSETCATALOG_COMPILER_LAUNCHIMAGE_NAME = LaunchImage;
				GCC_PRECOMPILE_PREFIX_HEADER = YES;
				GCC_PREFIX_HEADER = "CrystalBall2/CrystalBall2-Prefix.pch";
				INFOPLIST_FILE = "CrystalBall2/CrystalBall2-Info.plist";
				PRODUCT_NAME = "$(TARGET_NAME)";
				WRAPPER_EXTENSION = app;
			};
			name = Release;
		};
		437A51A918C2B9710019AE1E /* Debug */ = {
			isa = XCBuildConfiguration;
			buildSettings = {
				ARCHS = "$(ARCHS_STANDARD_INCLUDING_64_BIT)";
				BUNDLE_LOADER = "$(BUILT_PRODUCTS_DIR)/CrystalBall2.app/CrystalBall2";
				FRAMEWORK_SEARCH_PATHS = (
					"$(SDKROOT)/Developer/Library/Frameworks",
					"$(inherited)",
					"$(DEVELOPER_FRAMEWORKS_DIR)",
				);
				GCC_PRECOMPILE_PREFIX_HEADER = YES;
				GCC_PREFIX_HEADER = "CrystalBall2/CrystalBall2-Prefix.pch";
				GCC_PREPROCESSOR_DEFINITIONS = (
					"DEBUG=1",
					"$(inherited)",
				);
				INFOPLIST_FILE = "CrystalBall2Tests/CrystalBall2Tests-Info.plist";
				PRODUCT_NAME = "$(TARGET_NAME)";
				TEST_HOST = "$(BUNDLE_LOADER)";
				WRAPPER_EXTENSION = xctest;
			};
			name = Debug;
		};
		437A51AA18C2B9710019AE1E /* Release */ = {
			isa = XCBuildConfiguration;
			buildSettings = {
				ARCHS = "$(ARCHS_STANDARD_INCLUDING_64_BIT)";
				BUNDLE_LOADER = "$(BUILT_PRODUCTS_DIR)/CrystalBall2.app/CrystalBall2";
				FRAMEWORK_SEARCH_PATHS = (
					"$(SDKROOT)/Developer/Library/Frameworks",
					"$(inherited)",
					"$(DEVELOPER_FRAMEWORKS_DIR)",
				);
				GCC_PRECOMPILE_PREFIX_HEADER = YES;
				GCC_PREFIX_HEADER = "CrystalBall2/CrystalBall2-Prefix.pch";
				INFOPLIST_FILE = "CrystalBall2Tests/CrystalBall2Tests-Info.plist";
				PRODUCT_NAME = "$(TARGET_NAME)";
				TEST_HOST = "$(BUNDLE_LOADER)";
				WRAPPER_EXTENSION = xctest;
			};
			name = Release;
		};
/* End XCBuildConfiguration section */

/* Begin XCConfigurationList section */
		437A516E18C2B9700019AE1E /* Build configuration list for PBXProject "CrystalBall2" */ = {
			isa = XCConfigurationList;
			buildConfigurations = (
				437A51A318C2B9710019AE1E /* Debug */,
				437A51A418C2B9710019AE1E /* Release */,
			);
			defaultConfigurationIsVisible = 0;
			defaultConfigurationName = Release;
		};
		437A51A518C2B9710019AE1E /* Build configuration list for PBXNativeTarget "CrystalBall2" */ = {
			isa = XCConfigurationList;
			buildConfigurations = (
				437A51A618C2B9710019AE1E /* Debug */,
				437A51A718C2B9710019AE1E /* Release */,
			);
			defaultConfigurationIsVisible = 0;
			defaultConfigurationName = Release;
		};
		437A51A818C2B9710019AE1E /* Build configuration list for PBXNativeTarget "CrystalBall2Tests" */ = {
			isa = XCConfigurationList;
			buildConfigurations = (
				437A51A918C2B9710019AE1E /* Debug */,
				437A51AA18C2B9710019AE1E /* Release */,
			);
			defaultConfigurationIsVisible = 0;
			defaultConfigurationName = Release;
		};
/* End XCConfigurationList section */
	};
	rootObject = 437A516B18C2B9700019AE1E /* Project object */;
}
